# This file is automatically @generated by Poetry 2.1.4 and should not be changed by hand.

[[package]]
name = "discid"
version = "1.4.0"
description = "Python binding of Libdiscid"
optional = false
python-versions = ">=3.10"
groups = ["main"]
files = [
    {file = "discid-1.4.0.tar.gz", hash = "sha256:50fd3db445caeb44b9f7763777ed49688c3cf4633da99d340c25b919496ba8b5"},
]

[[package]]
name = "musicbrainzngs"
version = "0.7.1"
description = "Python bindings for the MusicBrainz NGS and the Cover Art Archive webservices"
optional = false
python-versions = ">=2.7, !=3.0.*, !=3.1.*, !=3.2.*, !=3.3.*"
groups = ["main"]
files = [
    {file = "musicbrainzngs-0.7.1-py2.py3-none-any.whl", hash = "sha256:e841a8f975104c0a72290b09f59326050194081a5ae62ee512f41915090e1a10"},
    {file = "musicbrainzngs-0.7.1.tar.gz", hash = "sha256:ab1c0100fd0b305852e65f2ed4113c6de12e68afd55186987b8ed97e0f98e627"},
]

[[package]]
name = "pyudev"
version = "0.24.4"
description = "A libudev binding"
optional = false
python-versions = ">=3.9"
groups = ["main"]
files = [
    {file = "pyudev-0.24.4-py3-none-any.whl", hash = "sha256:b3b6b01c68e6fc628428cc45ff3fe6c277afbb5d96507f14473ddb4a6b959e00"},
    {file = "pyudev-0.24.4.tar.gz", hash = "sha256:e788bb983700b1a84efc2e88862b0a51af2a995d5b86bc9997546505cf7b36bc"},
]

[metadata]
lock-version = "2.1"
python-versions = ">=3.14"
content-hash = "6e863c480a3fa29bc558790cabbda2e18638764e31184e6a9f7835833623457c"
